// !$*UTF8*$!
{
	archiveVersion = 1;
	classes = {
	};
	objectVersion = 51;
	objects = {

/* Begin PBXBuildFile section */
		6010BA3C257BB56500B64FE9 /* AppDelegate.swift in Sources */ = {isa = PBXBuildFile; fileRef = 6010BA3B257BB56500B64FE9 /* AppDelegate.swift */; };
		6010BA45257BB56700B64FE9 /* Assets.xcassets in Resources */ = {isa = PBXBuildFile; fileRef = 6010BA44257BB56700B64FE9 /* Assets.xcassets */; };
		6010BA56257BB5F000B64FE9 /* ApiManager.swift in Sources */ = {isa = PBXBuildFile; fileRef = 6010BA55257BB5F000B64FE9 /* ApiManager.swift */; };
		6010BA58257BB62000B64FE9 /* MostPopularArticlesApi.swift in Sources */ = {isa = PBXBuildFile; fileRef = 6010BA57257BB62000B64FE9 /* MostPopularArticlesApi.swift */; };
		6010BA5A257BB65F00B64FE9 /* UIImageView.swift in Sources */ = {isa = PBXBuildFile; fileRef = 6010BA59257BB65F00B64FE9 /* UIImageView.swift */; };
		6010BA5C257BB68000B64FE9 /* UIViewController.swift in Sources */ = {isa = PBXBuildFile; fileRef = 6010BA5B257BB68000B64FE9 /* UIViewController.swift */; };
		6010BA5F257BB6E400B64FE9 /* ArticleTableViewCell.swift in Sources */ = {isa = PBXBuildFile; fileRef = 6010BA5D257BB6E400B64FE9 /* ArticleTableViewCell.swift */; };
		6010BA62257BB72F00B64FE9 /* ArticleTableViewCell.xib in Resources */ = {isa = PBXBuildFile; fileRef = 6010BA61257BB72F00B64FE9 /* ArticleTableViewCell.xib */; };
		6010BA64257BB75A00B64FE9 /* ArticleViewModel.swift in Sources */ = {isa = PBXBuildFile; fileRef = 6010BA63257BB75A00B64FE9 /* ArticleViewModel.swift */; };
		6010BA66257BB79900B64FE9 /* Article.swift in Sources */ = {isa = PBXBuildFile; fileRef = 6010BA65257BB79900B64FE9 /* Article.swift */; };
		6010BA69257BB82500B64FE9 /* ArticlesViewController.swift in Sources */ = {isa = PBXBuildFile; fileRef = 6010BA68257BB82500B64FE9 /* ArticlesViewController.swift */; };
		6010BA6C257BB86A00B64FE9 /* ArticleDetailsViewController.swift in Sources */ = {isa = PBXBuildFile; fileRef = 6010BA6B257BB86A00B64FE9 /* ArticleDetailsViewController.swift */; };
		6010BA7D257BB90600B64FE9 /* Main.storyboard in Resources */ = {isa = PBXBuildFile; fileRef = 6010BA7C257BB90600B64FE9 /* Main.storyboard */; };
		6010BA7F257BBBD700B64FE9 /* LaunchScreen.storyboard in Resources */ = {isa = PBXBuildFile; fileRef = 6010BA7E257BBBD700B64FE9 /* LaunchScreen.storyboard */; };
		BF07D6C297370A666CE953A4 /* Pods_NY_Times_Most_Popular_Articles.framework in Frameworks */ = {isa = PBXBuildFile; fileRef = DDD57743620871DDE1414B4E /* Pods_NY_Times_Most_Popular_Articles.framework */; };
/* End PBXBuildFile section */

/* Begin PBXFileReference section */
		458C8AC494E83DB1583ACD93 /* Pods-NY Times Most Popular Articles.debug.xcconfig */ = {isa = PBXFileReference; includeInIndex = 1; lastKnownFileType = text.xcconfig; name = "Pods-NY Times Most Popular Articles.debug.xcconfig"; path = "Target Support Files/Pods-NY Times Most Popular Articles/Pods-NY Times Most Popular Articles.debug.xcconfig"; sourceTree = "<group>"; };
		6010BA38257BB56500B64FE9 /* NY Times Most Popular Articles.app */ = {isa = PBXFileReference; explicitFileType = wrapper.application; includeInIndex = 0; path = "NY Times Most Popular Articles.app"; sourceTree = BUILT_PRODUCTS_DIR; };
		6010BA3B257BB56500B64FE9 /* AppDelegate.swift */ = {isa = PBXFileReference; lastKnownFileType = sourcecode.swift; path = AppDelegate.swift; sourceTree = "<group>"; };
		6010BA44257BB56700B64FE9 /* Assets.xcassets */ = {isa = PBXFileReference; lastKnownFileType = folder.assetcatalog; path = Assets.xcassets; sourceTree = "<group>"; };
		6010BA49257BB56700B64FE9 /* Info.plist */ = {isa = PBXFileReference; lastKnownFileType = text.plist.xml; path = Info.plist; sourceTree = "<group>"; };
		6010BA55257BB5F000B64FE9 /* ApiManager.swift */ = {isa = PBXFileReference; lastKnownFileType = sourcecode.swift; path = ApiManager.swift; sourceTree = "<group>"; };
		6010BA57257BB62000B64FE9 /* MostPopularArticlesApi.swift */ = {isa = PBXFileReference; lastKnownFileType = sourcecode.swift; path = MostPopularArticlesApi.swift; sourceTree = "<group>"; };
		6010BA59257BB65F00B64FE9 /* UIImageView.swift */ = {isa = PBXFileReference; lastKnownFileType = sourcecode.swift; path = UIImageView.swift; sourceTree = "<group>"; };
		6010BA5B257BB68000B64FE9 /* UIViewController.swift */ = {isa = PBXFileReference; lastKnownFileType = sourcecode.swift; path = UIViewController.swift; sourceTree = "<group>"; };
		6010BA5D257BB6E400B64FE9 /* ArticleTableViewCell.swift */ = {isa = PBXFileReference; lastKnownFileType = sourcecode.swift; path = ArticleTableViewCell.swift; sourceTree = "<group>"; };
		6010BA61257BB72F00B64FE9 /* ArticleTableViewCell.xib */ = {isa = PBXFileReference; fileEncoding = 4; lastKnownFileType = file.xib; path = ArticleTableViewCell.xib; sourceTree = "<group>"; };
		6010BA63257BB75A00B64FE9 /* ArticleViewModel.swift */ = {isa = PBXFileReference; lastKnownFileType = sourcecode.swift; path = ArticleViewModel.swift; sourceTree = "<group>"; };
		6010BA65257BB79900B64FE9 /* Article.swift */ = {isa = PBXFileReference; lastKnownFileType = sourcecode.swift; path = Article.swift; sourceTree = "<group>"; };
		6010BA68257BB82500B64FE9 /* ArticlesViewController.swift */ = {isa = PBXFileReference; lastKnownFileType = sourcecode.swift; path = ArticlesViewController.swift; sourceTree = "<group>"; };
		6010BA6B257BB86A00B64FE9 /* ArticleDetailsViewController.swift */ = {isa = PBXFileReference; lastKnownFileType = sourcecode.swift; path = ArticleDetailsViewController.swift; sourceTree = "<group>"; };
		6010BA7C257BB90600B64FE9 /* Main.storyboard */ = {isa = PBXFileReference; fileEncoding = 4; lastKnownFileType = file.storyboard; path = Main.storyboard; sourceTree = "<group>"; };
		6010BA7E257BBBD700B64FE9 /* LaunchScreen.storyboard */ = {isa = PBXFileReference; fileEncoding = 4; lastKnownFileType = file.storyboard; path = LaunchScreen.storyboard; sourceTree = "<group>"; };
		C0CC445D1BCB30854D8197A6 /* Pods-NY Times Most Popular Articles.release.xcconfig */ = {isa = PBXFileReference; includeInIndex = 1; lastKnownFileType = text.xcconfig; name = "Pods-NY Times Most Popular Articles.release.xcconfig"; path = "Target Support Files/Pods-NY Times Most Popular Articles/Pods-NY Times Most Popular Articles.release.xcconfig"; sourceTree = "<group>"; };
		DDD57743620871DDE1414B4E /* Pods_NY_Times_Most_Popular_Articles.framework */ = {isa = PBXFileReference; explicitFileType = wrapper.framework; includeInIndex = 0; path = Pods_NY_Times_Most_Popular_Articles.framework; sourceTree = BUILT_PRODUCTS_DIR; };
/* End PBXFileReference section */

/* Begin PBXFrameworksBuildPhase section */
		6010BA35257BB56500B64FE9 /* Frameworks */ = {
			isa = PBXFrameworksBuildPhase;
			buildActionMask = 2147483647;
			files = (
				BF07D6C297370A666CE953A4 /* Pods_NY_Times_Most_Popular_Articles.framework in Frameworks */,
			);
			runOnlyForDeploymentPostprocessing = 0;
		};
/* End PBXFrameworksBuildPhase section */

/* Begin PBXGroup section */
		360DB274E6814791317763CC /* Pods */ = {
			isa = PBXGroup;
			children = (
				458C8AC494E83DB1583ACD93 /* Pods-NY Times Most Popular Articles.debug.xcconfig */,
				C0CC445D1BCB30854D8197A6 /* Pods-NY Times Most Popular Articles.release.xcconfig */,
			);
			path = Pods;
			sourceTree = "<group>";
		};
		59BEFD99EBE6CD2E5A02B1A7 /* Frameworks */ = {
			isa = PBXGroup;
			children = (
				DDD57743620871DDE1414B4E /* Pods_NY_Times_Most_Popular_Articles.framework */,
			);
			name = Frameworks;
			sourceTree = "<group>";
		};
		6010BA2F257BB56500B64FE9 = {
			isa = PBXGroup;
			children = (
				6010BA3A257BB56500B64FE9 /* NY Times Most Popular Articles */,
				6010BA39257BB56500B64FE9 /* Products */,
				360DB274E6814791317763CC /* Pods */,
				59BEFD99EBE6CD2E5A02B1A7 /* Frameworks */,
			);
			sourceTree = "<group>";
		};
		6010BA39257BB56500B64FE9 /* Products */ = {
			isa = PBXGroup;
			children = (
				6010BA38257BB56500B64FE9 /* NY Times Most Popular Articles.app */,
			);
			name = Products;
			sourceTree = "<group>";
		};
		6010BA3A257BB56500B64FE9 /* NY Times Most Popular Articles */ = {
			isa = PBXGroup;
			children = (
				6010BA6A257BB82B00B64FE9 /* Controllers */,
				6010BA67257BB7F200B64FE9 /* SupportingFiles */,
				6010BA54257BB5CC00B64FE9 /* Model */,
				6010BA53257BB5C900B64FE9 /* View Model */,
				6010BA52257BB5C600B64FE9 /* views */,
				6010BA51257BB5C100B64FE9 /* Extensions */,
				6010BA4F257BB5B700B64FE9 /* API */,
			);
			path = "NY Times Most Popular Articles";
			sourceTree = "<group>";
		};
		6010BA4F257BB5B700B64FE9 /* API */ = {
			isa = PBXGroup;
			children = (
				6010BA55257BB5F000B64FE9 /* ApiManager.swift */,
				6010BA57257BB62000B64FE9 /* MostPopularArticlesApi.swift */,
			);
			path = API;
			sourceTree = "<group>";
		};
		6010BA51257BB5C100B64FE9 /* Extensions */ = {
			isa = PBXGroup;
			children = (
				6010BA59257BB65F00B64FE9 /* UIImageView.swift */,
				6010BA5B257BB68000B64FE9 /* UIViewController.swift */,
			);
			path = Extensions;
			sourceTree = "<group>";
		};
		6010BA52257BB5C600B64FE9 /* views */ = {
			isa = PBXGroup;
			children = (
				6010BA7C257BB90600B64FE9 /* Main.storyboard */,
				6010BA5D257BB6E400B64FE9 /* ArticleTableViewCell.swift */,
				6010BA61257BB72F00B64FE9 /* ArticleTableViewCell.xib */,
			);
			path = views;
			sourceTree = "<group>";
		};
		6010BA53257BB5C900B64FE9 /* View Model */ = {
			isa = PBXGroup;
			children = (
				6010BA63257BB75A00B64FE9 /* ArticleViewModel.swift */,
			);
			path = "View Model";
			sourceTree = "<group>";
		};
		6010BA54257BB5CC00B64FE9 /* Model */ = {
			isa = PBXGroup;
			children = (
				6010BA65257BB79900B64FE9 /* Article.swift */,
			);
			path = Model;
			sourceTree = "<group>";
		};
		6010BA67257BB7F200B64FE9 /* SupportingFiles */ = {
			isa = PBXGroup;
			children = (
				6010BA3B257BB56500B64FE9 /* AppDelegate.swift */,
				6010BA49257BB56700B64FE9 /* Info.plist */,
				6010BA44257BB56700B64FE9 /* Assets.xcassets */,
				6010BA7E257BBBD700B64FE9 /* LaunchScreen.storyboard */,
			);
			path = SupportingFiles;
			sourceTree = "<group>";
		};
		6010BA6A257BB82B00B64FE9 /* Controllers */ = {
			isa = PBXGroup;
			children = (
				6010BA68257BB82500B64FE9 /* ArticlesViewController.swift */,
				6010BA6B257BB86A00B64FE9 /* ArticleDetailsViewController.swift */,
			);
			path = Controllers;
			sourceTree = "<group>";
		};
/* End PBXGroup section */

/* Begin PBXNativeTarget section */
		6010BA37257BB56500B64FE9 /* NY Times Most Popular Articles */ = {
			isa = PBXNativeTarget;
			buildConfigurationList = 6010BA4C257BB56700B64FE9 /* Build configuration list for PBXNativeTarget "NY Times Most Popular Articles" */;
			buildPhases = (
				334DDE04A86FFDDDFA295535 /* [CP] Check Pods Manifest.lock */,
				6010BA34257BB56500B64FE9 /* Sources */,
				6010BA35257BB56500B64FE9 /* Frameworks */,
				6010BA36257BB56500B64FE9 /* Resources */,
				B356BF5FE8F40E53232EC909 /* [CP] Embed Pods Frameworks */,
			);
			buildRules = (
			);
			dependencies = (
			);
			name = "NY Times Most Popular Articles";
			productName = "NY Times Most Popular Articles";
			productReference = 6010BA38257BB56500B64FE9 /* NY Times Most Popular Articles.app */;
			productType = "com.apple.product-type.application";
		};
/* End PBXNativeTarget section */

/* Begin PBXProject section */
		6010BA30257BB56500B64FE9 /* Project object */ = {
			isa = PBXProject;
			attributes = {
				LastSwiftUpdateCheck = 1130;
				LastUpgradeCheck = 1130;
				ORGANIZATIONNAME = "Mohamed Samir";
				TargetAttributes = {
					6010BA37257BB56500B64FE9 = {
						CreatedOnToolsVersion = 11.3;
					};
				};
			};
			buildConfigurationList = 6010BA33257BB56500B64FE9 /* Build configuration list for PBXProject "NY Times Most Popular Articles" */;
			compatibilityVersion = "Xcode 9.3";
			developmentRegion = en;
			hasScannedForEncodings = 0;
			knownRegions = (
				en,
				Base,
			);
			mainGroup = 6010BA2F257BB56500B64FE9;
			productRefGroup = 6010BA39257BB56500B64FE9 /* Products */;
			projectDirPath = "";
			projectRoot = "";
			targets = (
				6010BA37257BB56500B64FE9 /* NY Times Most Popular Articles */,
			);
		};
/* End PBXProject section */

/* Begin PBXResourcesBuildPhase section */
		6010BA36257BB56500B64FE9 /* Resources */ = {
			isa = PBXResourcesBuildPhase;
			buildActionMask = 2147483647;
			files = (
				6010BA62257BB72F00B64FE9 /* ArticleTableViewCell.xib in Resources */,
				6010BA45257BB56700B64FE9 /* Assets.xcassets in Resources */,
				6010BA7F257BBBD700B64FE9 /* LaunchScreen.storyboard in Resources */,
				6010BA7D257BB90600B64FE9 /* Main.storyboard in Resources */,
			);
			runOnlyForDeploymentPostprocessing = 0;
		};
/* End PBXResourcesBuildPhase section */

/* Begin PBXShellScriptBuildPhase section */
		334DDE04A86FFDDDFA295535 /* [CP] Check Pods Manifest.lock */ = {
			isa = PBXShellScriptBuildPhase;
			buildActionMask = 2147483647;
			files = (
			);
			inputFileListPaths = (
			);
			inputPaths = (
				"${PODS_PODFILE_DIR_PATH}/Podfile.lock",
				"${PODS_ROOT}/Manifest.lock",
			);
			name = "[CP] Check Pods Manifest.lock";
			outputFileListPaths = (
			);
			outputPaths = (
				"$(DERIVED_FILE_DIR)/Pods-NY Times Most Popular Articles-checkManifestLockResult.txt",
			);
			runOnlyForDeploymentPostprocessing = 0;
			shellPath = /bin/sh;
			shellScript = "diff \"${PODS_PODFILE_DIR_PATH}/Podfile.lock\" \"${PODS_ROOT}/Manifest.lock\" > /dev/null\nif [ $? != 0 ] ; then\n    # print error to STDERR\n    echo \"error: The sandbox is not in sync with the Podfile.lock. Run 'pod install' or update your CocoaPods installation.\" >&2\n    exit 1\nfi\n# This output is used by Xcode 'outputs' to avoid re-running this script phase.\necho \"SUCCESS\" > \"${SCRIPT_OUTPUT_FILE_0}\"\n";
			showEnvVarsInLog = 0;
		};
		B356BF5FE8F40E53232EC909 /* [CP] Embed Pods Frameworks */ = {
			isa = PBXShellScriptBuildPhase;
			buildActionMask = 2147483647;
			files = (
			);
			inputFileListPaths = (
				"${PODS_ROOT}/Target Support Files/Pods-NY Times Most Popular Articles/Pods-NY Times Most Popular Articles-frameworks-${CONFIGURATION}-input-files.xcfilelist",
			);
			name = "[CP] Embed Pods Frameworks";
			outputFileListPaths = (
				"${PODS_ROOT}/Target Support Files/Pods-NY Times Most Popular Articles/Pods-NY Times Most Popular Articles-frameworks-${CONFIGURATION}-output-files.xcfilelist",
			);
			runOnlyForDeploymentPostprocessing = 0;
			shellPath = /bin/sh;
			shellScript = "\"${PODS_ROOT}/Target Support Files/Pods-NY Times Most Popular Articles/Pods-NY Times Most Popular Articles-frameworks.sh\"\n";
			showEnvVarsInLog = 0;
		};
/* End PBXShellScriptBuildPhase section */

/* Begin PBXSourcesBuildPhase section */
		6010BA34257BB56500B64FE9 /* Sources */ = {
			isa = PBXSourcesBuildPhase;
			buildActionMask = 2147483647;
			files = (
				6010BA5C257BB68000B64FE9 /* UIViewController.swift in Sources */,
				6010BA56257BB5F000B64FE9 /* ApiManager.swift in Sources */,
				6010BA6C257BB86A00B64FE9 /* ArticleDetailsViewController.swift in Sources */,
				6010BA3C257BB56500B64FE9 /* AppDelegate.swift in Sources */,
				6010BA66257BB79900B64FE9 /* Article.swift in Sources */,
				6010BA5F257BB6E400B64FE9 /* ArticleTableViewCell.swift in Sources */,
				6010BA58257BB62000B64FE9 /* MostPopularArticlesApi.swift in Sources */,
				6010BA64257BB75A00B64FE9 /* ArticleViewModel.swift in Sources */,
				6010BA5A257BB65F00B64FE9 /* UIImageView.swift in Sources */,
				6010BA69257BB82500B64FE9 /* ArticlesViewController.swift in Sources */,
			);
			runOnlyForDeploymentPostprocessing = 0;
		};
/* End PBXSourcesBuildPhase section */

/* Begin XCBuildConfiguration section */
		6010BA4A257BB56700B64FE9 /* Debug */ = {
			isa = XCBuildConfiguration;
			buildSettings = {
				ALWAYS_SEARCH_USER_PATHS = NO;
				CLANG_ANALYZER_NONNULL = YES;
				CLANG_ANALYZER_NUMBER_OBJECT_CONVERSION = YES_AGGRESSIVE;
				CLANG_CXX_LANGUAGE_STANDARD = "gnu++14";
				CLANG_CXX_LIBRARY = "libc++";
				CLANG_ENABLE_MODULES = YES;
				CLANG_ENABLE_OBJC_ARC = YES;
				CLANG_ENABLE_OBJC_WEAK = YES;
				CLANG_WARN_BLOCK_CAPTURE_AUTORELEASING = YES;
				CLANG_WARN_BOOL_CONVERSION = YES;
				CLANG_WARN_COMMA = YES;
				CLANG_WARN_CONSTANT_CONVERSION = YES;
				CLANG_WARN_DEPRECATED_OBJC_IMPLEMENTATIONS = YES;
				CLANG_WARN_DIRECT_OBJC_ISA_USAGE = YES_ERROR;
				CLANG_WARN_DOCUMENTATION_COMMENTS = YES;
				CLANG_WARN_EMPTY_BODY = YES;
				CLANG_WARN_ENUM_CONVERSION = YES;
				CLANG_WARN_INFINITE_RECURSION = YES;
				CLANG_WARN_INT_CONVERSION = YES;
				CLANG_WARN_NON_LITERAL_NULL_CONVERSION = YES;
				CLANG_WARN_OBJC_IMPLICIT_RETAIN_SELF = YES;
				CLANG_WARN_OBJC_LITERAL_CONVERSION = YES;
				CLANG_WARN_OBJC_ROOT_CLASS = YES_ERROR;
				CLANG_WARN_RANGE_LOOP_ANALYSIS = YES;
				CLANG_WARN_STRICT_PROTOTYPES = YES;
				CLANG_WARN_SUSPICIOUS_MOVE = YES;
				CLANG_WARN_UNGUARDED_AVAILABILITY = YES_AGGRESSIVE;
				CLANG_WARN_UNREACHABLE_CODE = YES;
				CLANG_WARN__DUPLICATE_METHOD_MATCH = YES;
				COPY_PHASE_STRIP = NO;
				DEBUG_INFORMATION_FORMAT = dwarf;
				ENABLE_STRICT_OBJC_MSGSEND = YES;
				ENABLE_TESTABILITY = YES;
				GCC_C_LANGUAGE_STANDARD = gnu11;
				GCC_DYNAMIC_NO_PIC = NO;
				GCC_NO_COMMON_BLOCKS = YES;
				GCC_OPTIMIZATION_LEVEL = 0;
				GCC_PREPROCESSOR_DEFINITIONS = (
					"DEBUG=1",
					"$(inherited)",
				);
				GCC_WARN_64_TO_32_BIT_CONVERSION = YES;
				GCC_WARN_ABOUT_RETURN_TYPE = YES_ERROR;
				GCC_WARN_UNDECLARED_SELECTOR = YES;
				GCC_WARN_UNINITIALIZED_AUTOS = YES_AGGRESSIVE;
				GCC_WARN_UNUSED_FUNCTION = YES;
				GCC_WARN_UNUSED_VARIABLE = YES;
				IPHONEOS_DEPLOYMENT_TARGET = 13.2;
				MTL_ENABLE_DEBUG_INFO = INCLUDE_SOURCE;
				MTL_FAST_MATH = YES;
				ONLY_ACTIVE_ARCH = YES;
				SDKROOT = iphoneos;
				SWIFT_ACTIVE_COMPILATION_CONDITIONS = DEBUG;
				SWIFT_OPTIMIZATION_LEVEL = "-Onone";
			};
			name = Debug;
		};
		6010BA4B257BB56700B64FE9 /* Release */ = {
			isa = XCBuildConfiguration;
			buildSettings = {
				ALWAYS_SEARCH_USER_PATHS = NO;
				CLANG_ANALYZER_NONNULL = YES;
				CLANG_ANALYZER_NUMBER_OBJECT_CONVERSION = YES_AGGRESSIVE;
				CLANG_CXX_LANGUAGE_STANDARD = "gnu++14";
				CLANG_CXX_LIBRARY = "libc++";
				CLANG_ENABLE_MODULES = YES;
				CLANG_ENABLE_OBJC_ARC = YES;
				CLANG_ENABLE_OBJC_WEAK = YES;
				CLANG_WARN_BLOCK_CAPTURE_AUTORELEASING = YES;
				CLANG_WARN_BOOL_CONVERSION = YES;
				CLANG_WARN_COMMA = YES;
				CLANG_WARN_CONSTANT_CONVERSION = YES;
				CLANG_WARN_DEPRECATED_OBJC_IMPLEMENTATIONS = YES;
				CLANG_WARN_DIRECT_OBJC_ISA_USAGE = YES_ERROR;
				CLANG_WARN_DOCUMENTATION_COMMENTS = YES;
				CLANG_WARN_EMPTY_BODY = YES;
				CLANG_WARN_ENUM_CONVERSION = YES;
				CLANG_WARN_INFINITE_RECURSION = YES;
				CLANG_WARN_INT_CONVERSION = YES;
				CLANG_WARN_NON_LITERAL_NULL_CONVERSION = YES;
				CLANG_WARN_OBJC_IMPLICIT_RETAIN_SELF = YES;
				CLANG_WARN_OBJC_LITERAL_CONVERSION = YES;
				CLANG_WARN_OBJC_ROOT_CLASS = YES_ERROR;
				CLANG_WARN_RANGE_LOOP_ANALYSIS = YES;
				CLANG_WARN_STRICT_PROTOTYPES = YES;
				CLANG_WARN_SUSPICIOUS_MOVE = YES;
				CLANG_WARN_UNGUARDED_AVAILABILITY = YES_AGGRESSIVE;
				CLANG_WARN_UNREACHABLE_CODE = YES;
				CLANG_WARN__DUPLICATE_METHOD_MATCH = YES;
				COPY_PHASE_STRIP = NO;
				DEBUG_INFORMATION_FORMAT = "dwarf-with-dsym";
				ENABLE_NS_ASSERTIONS = NO;
				ENABLE_STRICT_OBJC_MSGSEND = YES;
				GCC_C_LANGUAGE_STANDARD = gnu11;
				GCC_NO_COMMON_BLOCKS = YES;
				GCC_WARN_64_TO_32_BIT_CONVERSION = YES;
				GCC_WARN_ABOUT_RETURN_TYPE = YES_ERROR;
				GCC_WARN_UNDECLARED_SELECTOR = YES;
				GCC_WARN_UNINITIALIZED_AUTOS = YES_AGGRESSIVE;
				GCC_WARN_UNUSED_FUNCTION = YES;
				GCC_WARN_UNUSED_VARIABLE = YES;
				IPHONEOS_DEPLOYMENT_TARGET = 13.2;
				MTL_ENABLE_DEBUG_INFO = NO;
				MTL_FAST_MATH = YES;
				SDKROOT = iphoneos;
				SWIFT_COMPILATION_MODE = wholemodule;
				SWIFT_OPTIMIZATION_LEVEL = "-O";
				VALIDATE_PRODUCT = YES;
			};
			name = Release;
		};
		6010BA4D257BB56700B64FE9 /* Debug */ = {
			isa = XCBuildConfiguration;
			baseConfigurationReference = 458C8AC494E83DB1583ACD93 /* Pods-NY Times Most Popular Articles.debug.xcconfig */;
			buildSettings = {
				ASSETCATALOG_COMPILER_APPICON_NAME = AppIcon;
				CODE_SIGN_STYLE = Automatic;
				DEVELOPMENT_TEAM = 4A3GDCJZQY;
				INFOPLIST_FILE = "$(SRCROOT)/NY Times Most Popular Articles/SupportingFiles/Info.plist";
				LD_RUNPATH_SEARCH_PATHS = (
					"$(inherited)",
					"@executable_path/Frameworks",
				);
				PRODUCT_BUNDLE_IDENTIFIER = "www.MohamedSamirEG.com.NY-Times-Most-Popular-Articles";
				PRODUCT_NAME = "$(TARGET_NAME)";
				SWIFT_VERSION = 5.0;
				TARGETED_DEVICE_FAMILY = "1,2";
			};
			name = Debug;
		};
		6010BA4E257BB56700B64FE9 /* Release */ = {
			isa = XCBuildConfiguration;
			baseConfigurationReference = C0CC445D1BCB30854D8197A6 /* Pods-NY Times Most Popular Articles.release.xcconfig */;
			buildSettings = {
				ASSETCATALOG_COMPILER_APPICON_NAME = AppIcon;
				CODE_SIGN_STYLE = Automatic;
				DEVELOPMENT_TEAM = 4A3GDCJZQY;
				INFOPLIST_FILE = "$(SRCROOT)/NY Times Most Popular Articles/SupportingFiles/Info.plist";
				LD_RUNPATH_SEARCH_PATHS = (
					"$(inherited)",
					"@executable_path/Frameworks",
				);
				PRODUCT_BUNDLE_IDENTIFIER = "www.MohamedSamirEG.com.NY-Times-Most-Popular-Articles";
				PRODUCT_NAME = "$(TARGET_NAME)";
				SWIFT_VERSION = 5.0;
				TARGETED_DEVICE_FAMILY = "1,2";
			};
			name = Release;
		};
/* End XCBuildConfiguration section */

/* Begin XCConfigurationList section */
		6010BA33257BB56500B64FE9 /* Build configuration list for PBXProject "NY Times Most Popular Articles" */ = {
			isa = XCConfigurationList;
			buildConfigurations = (
				6010BA4A257BB56700B64FE9 /* Debug */,
				6010BA4B257BB56700B64FE9 /* Release */,
			);
			defaultConfigurationIsVisible = 0;
			defaultConfigurationName = Release;
		};
		6010BA4C257BB56700B64FE9 /* Build configuration list for PBXNativeTarget "NY Times Most Popular Articles" */ = {
			isa = XCConfigurationList;
			buildConfigurations = (
				6010BA4D257BB56700B64FE9 /* Debug */,
				6010BA4E257BB56700B64FE9 /* Release */,
			);
			defaultConfigurationIsVisible = 0;
			defaultConfigurationName = Release;
		};
/* End XCConfigurationList section */
	};
	rootObject = 6010BA30257BB56500B64FE9 /* Project object */;
}
